
Microsoft Visual Studio Solution File, Format Version 12.00
# Visual Studio Version 17
VisualStudioVersion = 17.6.33717.318
MinimumVisualStudioVersion = 10.0.40219.1
Project("{FAE04EC0-301F-11D3-BF4B-00C04F79EFBC}") = "eTickets", "eTickets\eTickets.csproj", "{76B50076-9C1F-40EE-8956-0B0B709E0841}"
EndProject
Global
	GlobalSection(SolutionConfigurationPlatforms) = preSolution
		Debug|Any CPU = Debug|Any CPU
		Release|Any CPU = Release|Any CPU
	EndGlobalSection
	GlobalSection(ProjectConfigurationPlatforms) = postSolution
		{76B50076-9C1F-40EE-8956-0B0B709E0841}.Debug|Any CPU.ActiveCfg = Debug|Any CPU
		{76B50076-9C1F-40EE-8956-0B0B709E0841}.Debug|Any CPU.Build.0 = Debug|Any CPU
		{76B50076-9C1F-40EE-8956-0B0B709E0841}.Release|Any CPU.ActiveCfg = Release|Any CPU
		{76B50076-9C1F-40EE-8956-0B0B709E0841}.Release|Any CPU.Build.0 = Release|Any CPU
	EndGlobalSection
	GlobalSection(SolutionProperties) = preSolution
		HideSolutionNode = FALSE
	EndGlobalSection
	GlobalSection(ExtensibilityGlobals) = postSolution
		SolutionGuid = {F8D30F11-126A-4039-BA9E-70CF091959D0}
	EndGlobalSection
EndGlobal
